{
  "name": "bytecodealliance-registry",
  "version": "1.0.0",
  "lockfileVersion": 2,
  "requires": true,
  "packages": {
    "": {
      "name": "bytecodealliance-registry",
      "version": "1.0.0",
      "license": "ISC",
      "dependencies": {
        "@bytecodealliance/preview2-shim": "^0.0.10"
      }
    },
    "node_modules/@bytecodealliance/preview2-shim": {
      "version": "0.0.10",
      "resolved": "https://registry.npmjs.org/@bytecodealliance/preview2-shim/-/preview2-shim-0.0.10.tgz",
      "integrity": "sha512-h6Kx6fYYKYLPzuTZiJhvdTEpBDngZUqMAAaNWK2afZjYGl05KL1Arc5IhMyY77DIRi346gT8qfPodvV3oGQnBQ=="
    }
  },
  "dependencies": {
    "@bytecodealliance/preview2-shim": {
      "version": "0.0.10",
      "resolved": "https://registry.npmjs.org/@bytecodealliance/preview2-shim/-/preview2-shim-0.0.10.tgz",
      "integrity": "sha512-h6Kx6fYYKYLPzuTZiJhvdTEpBDngZUqMAAaNWK2afZjYGl05KL1Arc5IhMyY77DIRi346gT8qfPodvV3oGQnBQ=="
    }
  }
}
